// !$*UTF8*$!
{
	archiveVersion = 1;
	classes = {
	};
	objectVersion = 51;
	objects = {

/* Begin PBXBuildFile section */
		637CC5721D37CA4497851F1C /* Pods_Event_AppTests.framework in Frameworks */ = {isa = PBXBuildFile; fileRef = A022D4457009332F0A8979C5 /* Pods_Event_AppTests.framework */; };
		84E7B6D6242D2DF000B542E7 /* AppDelegate.swift in Sources */ = {isa = PBXBuildFile; fileRef = 84E7B6D5242D2DF000B542E7 /* AppDelegate.swift */; };
		84E7B6D8242D2DF000B542E7 /* SceneDelegate.swift in Sources */ = {isa = PBXBuildFile; fileRef = 84E7B6D7242D2DF000B542E7 /* SceneDelegate.swift */; };
		84E7B6DA242D2DF000B542E7 /* FeedViewController.swift in Sources */ = {isa = PBXBuildFile; fileRef = 84E7B6D9242D2DF000B542E7 /* FeedViewController.swift */; };
		84E7B6DC242D2DF000B542E7 /* SecondViewController.swift in Sources */ = {isa = PBXBuildFile; fileRef = 84E7B6DB242D2DF000B542E7 /* SecondViewController.swift */; };
		84E7B6DF242D2DF000B542E7 /* FeedViewController.storyboard in Resources */ = {isa = PBXBuildFile; fileRef = 84E7B6DD242D2DF000B542E7 /* FeedViewController.storyboard */; };
		84E7B6E1242D2DF500B542E7 /* Assets.xcassets in Resources */ = {isa = PBXBuildFile; fileRef = 84E7B6E0242D2DF500B542E7 /* Assets.xcassets */; };
		84E7B6E4242D2DF500B542E7 /* LaunchScreen.storyboard in Resources */ = {isa = PBXBuildFile; fileRef = 84E7B6E2242D2DF500B542E7 /* LaunchScreen.storyboard */; };
		84E7B6EF242D2DF500B542E7 /* Event_AppTests.swift in Sources */ = {isa = PBXBuildFile; fileRef = 84E7B6EE242D2DF500B542E7 /* Event_AppTests.swift */; };
		84E7B6FA242D2DF500B542E7 /* Event_AppUITests.swift in Sources */ = {isa = PBXBuildFile; fileRef = 84E7B6F9242D2DF500B542E7 /* Event_AppUITests.swift */; };
		84E7B708242D339000B542E7 /* PopularViewController.storyboard in Resources */ = {isa = PBXBuildFile; fileRef = 84E7B707242D339000B542E7 /* PopularViewController.storyboard */; };
		84E7B70A242D391000B542E7 /* Main.storyboard in Resources */ = {isa = PBXBuildFile; fileRef = 84E7B709242D391000B542E7 /* Main.storyboard */; };
		84F14D23243771D600D4EF29 /* EventView.swift in Sources */ = {isa = PBXBuildFile; fileRef = 84F14D22243771D600D4EF29 /* EventView.swift */; };
		84F6D3AC243764AD00F12E60 /* EventView.xib in Resources */ = {isa = PBXBuildFile; fileRef = 84F6D3AB243764AC00F12E60 /* EventView.xib */; };
		84F831042430AF6F0042F317 /* FeedViewButtonBar.swift in Sources */ = {isa = PBXBuildFile; fileRef = 84F831032430AF6F0042F317 /* FeedViewButtonBar.swift */; };
		84F831082430B5BD0042F317 /* MapViewController.swift in Sources */ = {isa = PBXBuildFile; fileRef = 84F831072430B5BD0042F317 /* MapViewController.swift */; };
		84F8310B2430B6720042F317 /* InnerFeedViewController.storyboard in Resources */ = {isa = PBXBuildFile; fileRef = 84F8310A2430B6720042F317 /* InnerFeedViewController.storyboard */; };
		84F8310D2430BEA20042F317 /* InnerFeedViewController.swift in Sources */ = {isa = PBXBuildFile; fileRef = 84F8310C2430BEA20042F317 /* InnerFeedViewController.swift */; };
		84F8310F2430CC7D0042F317 /* MapViewController.storyboard in Resources */ = {isa = PBXBuildFile; fileRef = 84F8310E2430CC7D0042F317 /* MapViewController.storyboard */; };
		84FACFEF243386D3008EA231 /* InnerFeedViewTypeButtonsCellController.xib in Resources */ = {isa = PBXBuildFile; fileRef = 84FACFEE243386D3008EA231 /* InnerFeedViewTypeButtonsCellController.xib */; };
		84FACFF124338810008EA231 /* InnerFeedViewTypeButtonsCellController.swift in Sources */ = {isa = PBXBuildFile; fileRef = 84FACFF024338810008EA231 /* InnerFeedViewTypeButtonsCellController.swift */; };
		84FACFF62433A8BC008EA231 /* Montserrat.ttf in Resources */ = {isa = PBXBuildFile; fileRef = 84FACFF52433A144008EA231 /* Montserrat.ttf */; };
		84FACFF82433AF1E008EA231 /* String.swift in Sources */ = {isa = PBXBuildFile; fileRef = 84FACFF72433AF1E008EA231 /* String.swift */; };
		B5739FBBCD4362E6A9C434E8 /* Pods_Event_App.framework in Frameworks */ = {isa = PBXBuildFile; fileRef = 696FC830F97BC8BA533C6969 /* Pods_Event_App.framework */; };
		CADFF4ABF67EE4C793D7E7D7 /* Pods_Event_App_Event_AppUITests.framework in Frameworks */ = {isa = PBXBuildFile; fileRef = 8E2501597AA7F32ACA7EA0F9 /* Pods_Event_App_Event_AppUITests.framework */; };
/* End PBXBuildFile section */

/* Begin PBXContainerItemProxy section */
		84E7B6EB242D2DF500B542E7 /* PBXContainerItemProxy */ = {
			isa = PBXContainerItemProxy;
			containerPortal = 84E7B6CA242D2DF000B542E7 /* Project object */;
			proxyType = 1;
			remoteGlobalIDString = 84E7B6D1242D2DF000B542E7;
			remoteInfo = "Event App";
		};
		84E7B6F6242D2DF500B542E7 /* PBXContainerItemProxy */ = {
			isa = PBXContainerItemProxy;
			containerPortal = 84E7B6CA242D2DF000B542E7 /* Project object */;
			proxyType = 1;
			remoteGlobalIDString = 84E7B6D1242D2DF000B542E7;
			remoteInfo = "Event App";
		};
/* End PBXContainerItemProxy section */

/* Begin PBXFileReference section */
		14E6CF37A4FE38352AE43973 /* Pods-Event AppTests.release.xcconfig */ = {isa = PBXFileReference; includeInIndex = 1; lastKnownFileType = text.xcconfig; name = "Pods-Event AppTests.release.xcconfig"; path = "Target Support Files/Pods-Event AppTests/Pods-Event AppTests.release.xcconfig"; sourceTree = "<group>"; };
		58D08DC44CD72B5FDE037575 /* Pods-Event App-Event AppUITests.debug.xcconfig */ = {isa = PBXFileReference; includeInIndex = 1; lastKnownFileType = text.xcconfig; name = "Pods-Event App-Event AppUITests.debug.xcconfig"; path = "Target Support Files/Pods-Event App-Event AppUITests/Pods-Event App-Event AppUITests.debug.xcconfig"; sourceTree = "<group>"; };
		696FC830F97BC8BA533C6969 /* Pods_Event_App.framework */ = {isa = PBXFileReference; explicitFileType = wrapper.framework; includeInIndex = 0; path = Pods_Event_App.framework; sourceTree = BUILT_PRODUCTS_DIR; };
		6B22581943F5FE814DEF6ED9 /* Pods-Event App.debug.xcconfig */ = {isa = PBXFileReference; includeInIndex = 1; lastKnownFileType = text.xcconfig; name = "Pods-Event App.debug.xcconfig"; path = "Target Support Files/Pods-Event App/Pods-Event App.debug.xcconfig"; sourceTree = "<group>"; };
		84E7B6D2242D2DF000B542E7 /* Event App.app */ = {isa = PBXFileReference; explicitFileType = wrapper.application; includeInIndex = 0; path = "Event App.app"; sourceTree = BUILT_PRODUCTS_DIR; };
		84E7B6D5242D2DF000B542E7 /* AppDelegate.swift */ = {isa = PBXFileReference; lastKnownFileType = sourcecode.swift; path = AppDelegate.swift; sourceTree = "<group>"; };
		84E7B6D7242D2DF000B542E7 /* SceneDelegate.swift */ = {isa = PBXFileReference; lastKnownFileType = sourcecode.swift; path = SceneDelegate.swift; sourceTree = "<group>"; };
		84E7B6D9242D2DF000B542E7 /* FeedViewController.swift */ = {isa = PBXFileReference; lastKnownFileType = sourcecode.swift; path = FeedViewController.swift; sourceTree = "<group>"; };
		84E7B6DB242D2DF000B542E7 /* SecondViewController.swift */ = {isa = PBXFileReference; lastKnownFileType = sourcecode.swift; path = SecondViewController.swift; sourceTree = "<group>"; };
		84E7B6DE242D2DF000B542E7 /* Base */ = {isa = PBXFileReference; lastKnownFileType = file.storyboard; name = Base; path = Base.lproj/FeedViewController.storyboard; sourceTree = "<group>"; };
		84E7B6E0242D2DF500B542E7 /* Assets.xcassets */ = {isa = PBXFileReference; lastKnownFileType = folder.assetcatalog; path = Assets.xcassets; sourceTree = "<group>"; };
		84E7B6E3242D2DF500B542E7 /* Base */ = {isa = PBXFileReference; lastKnownFileType = file.storyboard; name = Base; path = Base.lproj/LaunchScreen.storyboard; sourceTree = "<group>"; };
		84E7B6E5242D2DF500B542E7 /* Info.plist */ = {isa = PBXFileReference; lastKnownFileType = text.plist.xml; path = Info.plist; sourceTree = "<group>"; };
		84E7B6EA242D2DF500B542E7 /* Event AppTests.xctest */ = {isa = PBXFileReference; explicitFileType = wrapper.cfbundle; includeInIndex = 0; path = "Event AppTests.xctest"; sourceTree = BUILT_PRODUCTS_DIR; };
		84E7B6EE242D2DF500B542E7 /* Event_AppTests.swift */ = {isa = PBXFileReference; lastKnownFileType = sourcecode.swift; path = Event_AppTests.swift; sourceTree = "<group>"; };
		84E7B6F0242D2DF500B542E7 /* Info.plist */ = {isa = PBXFileReference; lastKnownFileType = text.plist.xml; path = Info.plist; sourceTree = "<group>"; };
		84E7B6F5242D2DF500B542E7 /* Event AppUITests.xctest */ = {isa = PBXFileReference; explicitFileType = wrapper.cfbundle; includeInIndex = 0; path = "Event AppUITests.xctest"; sourceTree = BUILT_PRODUCTS_DIR; };
		84E7B6F9242D2DF500B542E7 /* Event_AppUITests.swift */ = {isa = PBXFileReference; lastKnownFileType = sourcecode.swift; path = Event_AppUITests.swift; sourceTree = "<group>"; };
		84E7B6FB242D2DF500B542E7 /* Info.plist */ = {isa = PBXFileReference; lastKnownFileType = text.plist.xml; path = Info.plist; sourceTree = "<group>"; };
		84E7B707242D339000B542E7 /* PopularViewController.storyboard */ = {isa = PBXFileReference; lastKnownFileType = file.storyboard; path = PopularViewController.storyboard; sourceTree = "<group>"; };
		84E7B709242D391000B542E7 /* Main.storyboard */ = {isa = PBXFileReference; lastKnownFileType = file.storyboard; path = Main.storyboard; sourceTree = "<group>"; };
		84F14D22243771D600D4EF29 /* EventView.swift */ = {isa = PBXFileReference; lastKnownFileType = sourcecode.swift; path = EventView.swift; sourceTree = "<group>"; };
		84F6D3AB243764AC00F12E60 /* EventView.xib */ = {isa = PBXFileReference; lastKnownFileType = file.xib; path = EventView.xib; sourceTree = "<group>"; };
		84F831032430AF6F0042F317 /* FeedViewButtonBar.swift */ = {isa = PBXFileReference; lastKnownFileType = sourcecode.swift; path = FeedViewButtonBar.swift; sourceTree = "<group>"; };
		84F831072430B5BD0042F317 /* MapViewController.swift */ = {isa = PBXFileReference; lastKnownFileType = sourcecode.swift; path = MapViewController.swift; sourceTree = "<group>"; };
		84F8310A2430B6720042F317 /* InnerFeedViewController.storyboard */ = {isa = PBXFileReference; lastKnownFileType = file.storyboard; path = InnerFeedViewController.storyboard; sourceTree = "<group>"; };
		84F8310C2430BEA20042F317 /* InnerFeedViewController.swift */ = {isa = PBXFileReference; lastKnownFileType = sourcecode.swift; path = InnerFeedViewController.swift; sourceTree = "<group>"; };
		84F8310E2430CC7D0042F317 /* MapViewController.storyboard */ = {isa = PBXFileReference; lastKnownFileType = file.storyboard; path = MapViewController.storyboard; sourceTree = "<group>"; };
		84FACFEE243386D3008EA231 /* InnerFeedViewTypeButtonsCellController.xib */ = {isa = PBXFileReference; lastKnownFileType = file.xib; path = InnerFeedViewTypeButtonsCellController.xib; sourceTree = "<group>"; };
		84FACFF024338810008EA231 /* InnerFeedViewTypeButtonsCellController.swift */ = {isa = PBXFileReference; lastKnownFileType = sourcecode.swift; path = InnerFeedViewTypeButtonsCellController.swift; sourceTree = "<group>"; };
		84FACFF52433A144008EA231 /* Montserrat.ttf */ = {isa = PBXFileReference; lastKnownFileType = file; path = Montserrat.ttf; sourceTree = "<group>"; };
		84FACFF72433AF1E008EA231 /* String.swift */ = {isa = PBXFileReference; lastKnownFileType = sourcecode.swift; path = String.swift; sourceTree = "<group>"; };
		8E2501597AA7F32ACA7EA0F9 /* Pods_Event_App_Event_AppUITests.framework */ = {isa = PBXFileReference; explicitFileType = wrapper.framework; includeInIndex = 0; path = Pods_Event_App_Event_AppUITests.framework; sourceTree = BUILT_PRODUCTS_DIR; };
		9C04EEC7C93B309A2C3D4EDC /* Pods-Event App.release.xcconfig */ = {isa = PBXFileReference; includeInIndex = 1; lastKnownFileType = text.xcconfig; name = "Pods-Event App.release.xcconfig"; path = "Target Support Files/Pods-Event App/Pods-Event App.release.xcconfig"; sourceTree = "<group>"; };
		A022D4457009332F0A8979C5 /* Pods_Event_AppTests.framework */ = {isa = PBXFileReference; explicitFileType = wrapper.framework; includeInIndex = 0; path = Pods_Event_AppTests.framework; sourceTree = BUILT_PRODUCTS_DIR; };
		CE6702134F5D4699DC380295 /* Pods-Event App-Event AppUITests.release.xcconfig */ = {isa = PBXFileReference; includeInIndex = 1; lastKnownFileType = text.xcconfig; name = "Pods-Event App-Event AppUITests.release.xcconfig"; path = "Target Support Files/Pods-Event App-Event AppUITests/Pods-Event App-Event AppUITests.release.xcconfig"; sourceTree = "<group>"; };
		F7D72C4B02FD51B9E040B314 /* Pods-Event AppTests.debug.xcconfig */ = {isa = PBXFileReference; includeInIndex = 1; lastKnownFileType = text.xcconfig; name = "Pods-Event AppTests.debug.xcconfig"; path = "Target Support Files/Pods-Event AppTests/Pods-Event AppTests.debug.xcconfig"; sourceTree = "<group>"; };
/* End PBXFileReference section */

/* Begin PBXFrameworksBuildPhase section */
		84E7B6CF242D2DF000B542E7 /* Frameworks */ = {
			isa = PBXFrameworksBuildPhase;
			buildActionMask = 2147483647;
			files = (
				B5739FBBCD4362E6A9C434E8 /* Pods_Event_App.framework in Frameworks */,
			);
			runOnlyForDeploymentPostprocessing = 0;
		};
		84E7B6E7242D2DF500B542E7 /* Frameworks */ = {
			isa = PBXFrameworksBuildPhase;
			buildActionMask = 2147483647;
			files = (
				637CC5721D37CA4497851F1C /* Pods_Event_AppTests.framework in Frameworks */,
			);
			runOnlyForDeploymentPostprocessing = 0;
		};
		84E7B6F2242D2DF500B542E7 /* Frameworks */ = {
			isa = PBXFrameworksBuildPhase;
			buildActionMask = 2147483647;
			files = (
				CADFF4ABF67EE4C793D7E7D7 /* Pods_Event_App_Event_AppUITests.framework in Frameworks */,
			);
			runOnlyForDeploymentPostprocessing = 0;
		};
/* End PBXFrameworksBuildPhase section */

/* Begin PBXGroup section */
		2366264DA76E05FF4CA6FA4B /* Frameworks */ = {
			isa = PBXGroup;
			children = (
				696FC830F97BC8BA533C6969 /* Pods_Event_App.framework */,
				8E2501597AA7F32ACA7EA0F9 /* Pods_Event_App_Event_AppUITests.framework */,
				A022D4457009332F0A8979C5 /* Pods_Event_AppTests.framework */,
			);
			name = Frameworks;
			sourceTree = "<group>";
		};
		7355B3EC18382D16C79CC834 /* Pods */ = {
			isa = PBXGroup;
			children = (
				6B22581943F5FE814DEF6ED9 /* Pods-Event App.debug.xcconfig */,
				9C04EEC7C93B309A2C3D4EDC /* Pods-Event App.release.xcconfig */,
				58D08DC44CD72B5FDE037575 /* Pods-Event App-Event AppUITests.debug.xcconfig */,
				CE6702134F5D4699DC380295 /* Pods-Event App-Event AppUITests.release.xcconfig */,
				F7D72C4B02FD51B9E040B314 /* Pods-Event AppTests.debug.xcconfig */,
				14E6CF37A4FE38352AE43973 /* Pods-Event AppTests.release.xcconfig */,
			);
			path = Pods;
			sourceTree = "<group>";
		};
		84E7B6C9242D2DF000B542E7 = {
			isa = PBXGroup;
			children = (
				84E7B6D4242D2DF000B542E7 /* Event App */,
				84E7B6ED242D2DF500B542E7 /* Event AppTests */,
				84E7B6F8242D2DF500B542E7 /* Event AppUITests */,
				84E7B6D3242D2DF000B542E7 /* Products */,
				7355B3EC18382D16C79CC834 /* Pods */,
				2366264DA76E05FF4CA6FA4B /* Frameworks */,
			);
			sourceTree = "<group>";
		};
		84E7B6D3242D2DF000B542E7 /* Products */ = {
			isa = PBXGroup;
			children = (
				84E7B6D2242D2DF000B542E7 /* Event App.app */,
				84E7B6EA242D2DF500B542E7 /* Event AppTests.xctest */,
				84E7B6F5242D2DF500B542E7 /* Event AppUITests.xctest */,
			);
			name = Products;
			sourceTree = "<group>";
		};
		84E7B6D4242D2DF000B542E7 /* Event App */ = {
			isa = PBXGroup;
			children = (
				84FACFF42433A13D008EA231 /* Fonts */,
				84F831102430D60E0042F317 /* View */,
				84E7B6D5242D2DF000B542E7 /* AppDelegate.swift */,
				84E7B6D7242D2DF000B542E7 /* SceneDelegate.swift */,
				84E7B6E0242D2DF500B542E7 /* Assets.xcassets */,
				84E7B6E2242D2DF500B542E7 /* LaunchScreen.storyboard */,
				84E7B6E5242D2DF500B542E7 /* Info.plist */,
				84FACFF72433AF1E008EA231 /* String.swift */,
			);
			path = "Event App";
			sourceTree = "<group>";
		};
		84E7B6ED242D2DF500B542E7 /* Event AppTests */ = {
			isa = PBXGroup;
			children = (
				84E7B6EE242D2DF500B542E7 /* Event_AppTests.swift */,
				84E7B6F0242D2DF500B542E7 /* Info.plist */,
			);
			path = "Event AppTests";
			sourceTree = "<group>";
		};
		84E7B6F8242D2DF500B542E7 /* Event AppUITests */ = {
			isa = PBXGroup;
			children = (
				84E7B6F9242D2DF500B542E7 /* Event_AppUITests.swift */,
				84E7B6FB242D2DF500B542E7 /* Info.plist */,
			);
			path = "Event AppUITests";
			sourceTree = "<group>";
		};
		84F831102430D60E0042F317 /* View */ = {
			isa = PBXGroup;
			children = (
				84E7B709242D391000B542E7 /* Main.storyboard */,
				84F831122430D63E0042F317 /* PopularView */,
				84F831112430D61D0042F317 /* FeedView */,
			);
			path = View;
			sourceTree = "<group>";
		};
		84F831112430D61D0042F317 /* FeedView */ = {
			isa = PBXGroup;
			children = (
				84E7B6D9242D2DF000B542E7 /* FeedViewController.swift */,
				84E7B6DD242D2DF000B542E7 /* FeedViewController.storyboard */,
				84F8310A2430B6720042F317 /* InnerFeedViewController.storyboard */,
				84F8310C2430BEA20042F317 /* InnerFeedViewController.swift */,
				84F831072430B5BD0042F317 /* MapViewController.swift */,
				84F8310E2430CC7D0042F317 /* MapViewController.storyboard */,
				84F831032430AF6F0042F317 /* FeedViewButtonBar.swift */,
				84FACFEE243386D3008EA231 /* InnerFeedViewTypeButtonsCellController.xib */,
				84FACFF024338810008EA231 /* InnerFeedViewTypeButtonsCellController.swift */,
				84F6D3AB243764AC00F12E60 /* EventView.xib */,
				84F14D22243771D600D4EF29 /* EventView.swift */,
			);
			path = FeedView;
			sourceTree = "<group>";
		};
		84F831122430D63E0042F317 /* PopularView */ = {
			isa = PBXGroup;
			children = (
				84E7B707242D339000B542E7 /* PopularViewController.storyboard */,
				84E7B6DB242D2DF000B542E7 /* SecondViewController.swift */,
			);
			path = PopularView;
			sourceTree = "<group>";
		};
		84FACFF42433A13D008EA231 /* Fonts */ = {
			isa = PBXGroup;
			children = (
				84FACFF52433A144008EA231 /* Montserrat.ttf */,
			);
			path = Fonts;
			sourceTree = "<group>";
		};
/* End PBXGroup section */

/* Begin PBXNativeTarget section */
		84E7B6D1242D2DF000B542E7 /* Event App */ = {
			isa = PBXNativeTarget;
			buildConfigurationList = 84E7B6FE242D2DF500B542E7 /* Build configuration list for PBXNativeTarget "Event App" */;
			buildPhases = (
				929AA595BE743D944B78CC7E /* [CP] Check Pods Manifest.lock */,
				84E7B6CE242D2DF000B542E7 /* Sources */,
				84E7B6CF242D2DF000B542E7 /* Frameworks */,
				84E7B6D0242D2DF000B542E7 /* Resources */,
				7783542B341661B5C93306C5 /* [CP] Embed Pods Frameworks */,
				84F59AD5242E58C400702717 /* Check Errors */,
			);
			buildRules = (
			);
			dependencies = (
			);
			name = "Event App";
			productName = "Event App";
			productReference = 84E7B6D2242D2DF000B542E7 /* Event App.app */;
			productType = "com.apple.product-type.application";
		};
		84E7B6E9242D2DF500B542E7 /* Event AppTests */ = {
			isa = PBXNativeTarget;
			buildConfigurationList = 84E7B701242D2DF500B542E7 /* Build configuration list for PBXNativeTarget "Event AppTests" */;
			buildPhases = (
				C6AF6D5D14496BA766439D44 /* [CP] Check Pods Manifest.lock */,
				84E7B6E6242D2DF500B542E7 /* Sources */,
				84E7B6E7242D2DF500B542E7 /* Frameworks */,
				84E7B6E8242D2DF500B542E7 /* Resources */,
			);
			buildRules = (
			);
			dependencies = (
				84E7B6EC242D2DF500B542E7 /* PBXTargetDependency */,
			);
			name = "Event AppTests";
			productName = "Event AppTests";
			productReference = 84E7B6EA242D2DF500B542E7 /* Event AppTests.xctest */;
			productType = "com.apple.product-type.bundle.unit-test";
		};
		84E7B6F4242D2DF500B542E7 /* Event AppUITests */ = {
			isa = PBXNativeTarget;
			buildConfigurationList = 84E7B704242D2DF500B542E7 /* Build configuration list for PBXNativeTarget "Event AppUITests" */;
			buildPhases = (
				810D4CF43EF603C8FE57596E /* [CP] Check Pods Manifest.lock */,
				84E7B6F1242D2DF500B542E7 /* Sources */,
				84E7B6F2242D2DF500B542E7 /* Frameworks */,
				84E7B6F3242D2DF500B542E7 /* Resources */,
				F3DC5142E1450D641C79EA35 /* [CP] Embed Pods Frameworks */,
			);
			buildRules = (
			);
			dependencies = (
				84E7B6F7242D2DF500B542E7 /* PBXTargetDependency */,
			);
			name = "Event AppUITests";
			productName = "Event AppUITests";
			productReference = 84E7B6F5242D2DF500B542E7 /* Event AppUITests.xctest */;
			productType = "com.apple.product-type.bundle.ui-testing";
		};
/* End PBXNativeTarget section */

/* Begin PBXProject section */
		84E7B6CA242D2DF000B542E7 /* Project object */ = {
			isa = PBXProject;
			attributes = {
				LastSwiftUpdateCheck = 1130;
				LastUpgradeCheck = 1130;
				ORGANIZATIONNAME = eventapp;
				TargetAttributes = {
					84E7B6D1242D2DF000B542E7 = {
						CreatedOnToolsVersion = 11.3.1;
					};
					84E7B6E9242D2DF500B542E7 = {
						CreatedOnToolsVersion = 11.3.1;
						TestTargetID = 84E7B6D1242D2DF000B542E7;
					};
					84E7B6F4242D2DF500B542E7 = {
						CreatedOnToolsVersion = 11.3.1;
						TestTargetID = 84E7B6D1242D2DF000B542E7;
					};
				};
			};
			buildConfigurationList = 84E7B6CD242D2DF000B542E7 /* Build configuration list for PBXProject "Event App" */;
			compatibilityVersion = "Xcode 9.3";
			developmentRegion = en;
			hasScannedForEncodings = 0;
			knownRegions = (
				en,
				Base,
			);
			mainGroup = 84E7B6C9242D2DF000B542E7;
			productRefGroup = 84E7B6D3242D2DF000B542E7 /* Products */;
			projectDirPath = "";
			projectRoot = "";
			targets = (
				84E7B6D1242D2DF000B542E7 /* Event App */,
				84E7B6E9242D2DF500B542E7 /* Event AppTests */,
				84E7B6F4242D2DF500B542E7 /* Event AppUITests */,
			);
		};
/* End PBXProject section */

/* Begin PBXResourcesBuildPhase section */
		84E7B6D0242D2DF000B542E7 /* Resources */ = {
			isa = PBXResourcesBuildPhase;
			buildActionMask = 2147483647;
			files = (
				84F8310B2430B6720042F317 /* InnerFeedViewController.storyboard in Resources */,
				84E7B708242D339000B542E7 /* PopularViewController.storyboard in Resources */,
				84FACFF62433A8BC008EA231 /* Montserrat.ttf in Resources */,
				84FACFEF243386D3008EA231 /* InnerFeedViewTypeButtonsCellController.xib in Resources */,
				84E7B70A242D391000B542E7 /* Main.storyboard in Resources */,
				84E7B6E4242D2DF500B542E7 /* LaunchScreen.storyboard in Resources */,
				84E7B6E1242D2DF500B542E7 /* Assets.xcassets in Resources */,
				84F6D3AC243764AD00F12E60 /* EventView.xib in Resources */,
				84E7B6DF242D2DF000B542E7 /* FeedViewController.storyboard in Resources */,
				84F8310F2430CC7D0042F317 /* MapViewController.storyboard in Resources */,
			);
			runOnlyForDeploymentPostprocessing = 0;
		};
		84E7B6E8242D2DF500B542E7 /* Resources */ = {
			isa = PBXResourcesBuildPhase;
			buildActionMask = 2147483647;
			files = (
			);
			runOnlyForDeploymentPostprocessing = 0;
		};
		84E7B6F3242D2DF500B542E7 /* Resources */ = {
			isa = PBXResourcesBuildPhase;
			buildActionMask = 2147483647;
			files = (
			);
			runOnlyForDeploymentPostprocessing = 0;
		};
/* End PBXResourcesBuildPhase section */

/* Begin PBXShellScriptBuildPhase section */
		7783542B341661B5C93306C5 /* [CP] Embed Pods Frameworks */ = {
			isa = PBXShellScriptBuildPhase;
			buildActionMask = 2147483647;
			files = (
			);
			inputFileListPaths = (
				"${PODS_ROOT}/Target Support Files/Pods-Event App/Pods-Event App-frameworks-${CONFIGURATION}-input-files.xcfilelist",
			);
			name = "[CP] Embed Pods Frameworks";
			outputFileListPaths = (
				"${PODS_ROOT}/Target Support Files/Pods-Event App/Pods-Event App-frameworks-${CONFIGURATION}-output-files.xcfilelist",
			);
			runOnlyForDeploymentPostprocessing = 0;
			shellPath = /bin/sh;
			shellScript = "\"${PODS_ROOT}/Target Support Files/Pods-Event App/Pods-Event App-frameworks.sh\"\n";
			showEnvVarsInLog = 0;
		};
		810D4CF43EF603C8FE57596E /* [CP] Check Pods Manifest.lock */ = {
			isa = PBXShellScriptBuildPhase;
			buildActionMask = 2147483647;
			files = (
			);
			inputFileListPaths = (
			);
			inputPaths = (
				"${PODS_PODFILE_DIR_PATH}/Podfile.lock",
				"${PODS_ROOT}/Manifest.lock",
			);
			name = "[CP] Check Pods Manifest.lock";
			outputFileListPaths = (
			);
			outputPaths = (
				"$(DERIVED_FILE_DIR)/Pods-Event App-Event AppUITests-checkManifestLockResult.txt",
			);
			runOnlyForDeploymentPostprocessing = 0;
			shellPath = /bin/sh;
			shellScript = "diff \"${PODS_PODFILE_DIR_PATH}/Podfile.lock\" \"${PODS_ROOT}/Manifest.lock\" > /dev/null\nif [ $? != 0 ] ; then\n    # print error to STDERR\n    echo \"error: The sandbox is not in sync with the Podfile.lock. Run 'pod install' or update your CocoaPods installation.\" >&2\n    exit 1\nfi\n# This output is used by Xcode 'outputs' to avoid re-running this script phase.\necho \"SUCCESS\" > \"${SCRIPT_OUTPUT_FILE_0}\"\n";
			showEnvVarsInLog = 0;
		};
		84F59AD5242E58C400702717 /* Check Errors */ = {
			isa = PBXShellScriptBuildPhase;
			buildActionMask = 2147483647;
			files = (
			);
			inputFileListPaths = (
			);
			inputPaths = (
			);
			name = "Check Errors";
			outputFileListPaths = (
			);
			outputPaths = (
			);
			runOnlyForDeploymentPostprocessing = 0;
			shellPath = /bin/sh;
			shellScript = "\"${PODS_ROOT}/SwiftLint/swiftlint\"\n";
		};
		929AA595BE743D944B78CC7E /* [CP] Check Pods Manifest.lock */ = {
			isa = PBXShellScriptBuildPhase;
			buildActionMask = 2147483647;
			files = (
			);
			inputFileListPaths = (
			);
			inputPaths = (
				"${PODS_PODFILE_DIR_PATH}/Podfile.lock",
				"${PODS_ROOT}/Manifest.lock",
			);
			name = "[CP] Check Pods Manifest.lock";
			outputFileListPaths = (
			);
			outputPaths = (
				"$(DERIVED_FILE_DIR)/Pods-Event App-checkManifestLockResult.txt",
			);
			runOnlyForDeploymentPostprocessing = 0;
			shellPath = /bin/sh;
			shellScript = "diff \"${PODS_PODFILE_DIR_PATH}/Podfile.lock\" \"${PODS_ROOT}/Manifest.lock\" > /dev/null\nif [ $? != 0 ] ; then\n    # print error to STDERR\n    echo \"error: The sandbox is not in sync with the Podfile.lock. Run 'pod install' or update your CocoaPods installation.\" >&2\n    exit 1\nfi\n# This output is used by Xcode 'outputs' to avoid re-running this script phase.\necho \"SUCCESS\" > \"${SCRIPT_OUTPUT_FILE_0}\"\n";
			showEnvVarsInLog = 0;
		};
		C6AF6D5D14496BA766439D44 /* [CP] Check Pods Manifest.lock */ = {
			isa = PBXShellScriptBuildPhase;
			buildActionMask = 2147483647;
			files = (
			);
			inputFileListPaths = (
			);
			inputPaths = (
				"${PODS_PODFILE_DIR_PATH}/Podfile.lock",
				"${PODS_ROOT}/Manifest.lock",
			);
			name = "[CP] Check Pods Manifest.lock";
			outputFileListPaths = (
			);
			outputPaths = (
				"$(DERIVED_FILE_DIR)/Pods-Event AppTests-checkManifestLockResult.txt",
			);
			runOnlyForDeploymentPostprocessing = 0;
			shellPath = /bin/sh;
			shellScript = "diff \"${PODS_PODFILE_DIR_PATH}/Podfile.lock\" \"${PODS_ROOT}/Manifest.lock\" > /dev/null\nif [ $? != 0 ] ; then\n    # print error to STDERR\n    echo \"error: The sandbox is not in sync with the Podfile.lock. Run 'pod install' or update your CocoaPods installation.\" >&2\n    exit 1\nfi\n# This output is used by Xcode 'outputs' to avoid re-running this script phase.\necho \"SUCCESS\" > \"${SCRIPT_OUTPUT_FILE_0}\"\n";
			showEnvVarsInLog = 0;
		};
		F3DC5142E1450D641C79EA35 /* [CP] Embed Pods Frameworks */ = {
			isa = PBXShellScriptBuildPhase;
			buildActionMask = 2147483647;
			files = (
			);
			inputFileListPaths = (
				"${PODS_ROOT}/Target Support Files/Pods-Event App-Event AppUITests/Pods-Event App-Event AppUITests-frameworks-${CONFIGURATION}-input-files.xcfilelist",
			);
			name = "[CP] Embed Pods Frameworks";
			outputFileListPaths = (
				"${PODS_ROOT}/Target Support Files/Pods-Event App-Event AppUITests/Pods-Event App-Event AppUITests-frameworks-${CONFIGURATION}-output-files.xcfilelist",
			);
			runOnlyForDeploymentPostprocessing = 0;
			shellPath = /bin/sh;
			shellScript = "\"${PODS_ROOT}/Target Support Files/Pods-Event App-Event AppUITests/Pods-Event App-Event AppUITests-frameworks.sh\"\n";
			showEnvVarsInLog = 0;
		};
/* End PBXShellScriptBuildPhase section */

/* Begin PBXSourcesBuildPhase section */
		84E7B6CE242D2DF000B542E7 /* Sources */ = {
			isa = PBXSourcesBuildPhase;
			buildActionMask = 2147483647;
			files = (
				84E7B6DC242D2DF000B542E7 /* SecondViewController.swift in Sources */,
				84FACFF82433AF1E008EA231 /* String.swift in Sources */,
				84F831082430B5BD0042F317 /* MapViewController.swift in Sources */,
				84F8310D2430BEA20042F317 /* InnerFeedViewController.swift in Sources */,
				84E7B6DA242D2DF000B542E7 /* FeedViewController.swift in Sources */,
				84F14D23243771D600D4EF29 /* EventView.swift in Sources */,
				84E7B6D6242D2DF000B542E7 /* AppDelegate.swift in Sources */,
				84F831042430AF6F0042F317 /* FeedViewButtonBar.swift in Sources */,
				84E7B6D8242D2DF000B542E7 /* SceneDelegate.swift in Sources */,
				84FACFF124338810008EA231 /* InnerFeedViewTypeButtonsCellController.swift in Sources */,
			);
			runOnlyForDeploymentPostprocessing = 0;
		};
		84E7B6E6242D2DF500B542E7 /* Sources */ = {
			isa = PBXSourcesBuildPhase;
			buildActionMask = 2147483647;
			files = (
				84E7B6EF242D2DF500B542E7 /* Event_AppTests.swift in Sources */,
			);
			runOnlyForDeploymentPostprocessing = 0;
		};
		84E7B6F1242D2DF500B542E7 /* Sources */ = {
			isa = PBXSourcesBuildPhase;
			buildActionMask = 2147483647;
			files = (
				84E7B6FA242D2DF500B542E7 /* Event_AppUITests.swift in Sources */,
			);
			runOnlyForDeploymentPostprocessing = 0;
		};
/* End PBXSourcesBuildPhase section */

/* Begin PBXTargetDependency section */
		84E7B6EC242D2DF500B542E7 /* PBXTargetDependency */ = {
			isa = PBXTargetDependency;
			target = 84E7B6D1242D2DF000B542E7 /* Event App */;
			targetProxy = 84E7B6EB242D2DF500B542E7 /* PBXContainerItemProxy */;
		};
		84E7B6F7242D2DF500B542E7 /* PBXTargetDependency */ = {
			isa = PBXTargetDependency;
			target = 84E7B6D1242D2DF000B542E7 /* Event App */;
			targetProxy = 84E7B6F6242D2DF500B542E7 /* PBXContainerItemProxy */;
		};
/* End PBXTargetDependency section */

/* Begin PBXVariantGroup section */
		84E7B6DD242D2DF000B542E7 /* FeedViewController.storyboard */ = {
			isa = PBXVariantGroup;
			children = (
				84E7B6DE242D2DF000B542E7 /* Base */,
			);
			name = FeedViewController.storyboard;
			sourceTree = "<group>";
		};
		84E7B6E2242D2DF500B542E7 /* LaunchScreen.storyboard */ = {
			isa = PBXVariantGroup;
			children = (
				84E7B6E3242D2DF500B542E7 /* Base */,
			);
			name = LaunchScreen.storyboard;
			sourceTree = "<group>";
		};
/* End PBXVariantGroup section */

/* Begin XCBuildConfiguration section */
		84E7B6FC242D2DF500B542E7 /* Debug */ = {
			isa = XCBuildConfiguration;
			buildSettings = {
				ALWAYS_SEARCH_USER_PATHS = NO;
				CLANG_ANALYZER_NONNULL = YES;
				CLANG_ANALYZER_NUMBER_OBJECT_CONVERSION = YES_AGGRESSIVE;
				CLANG_CXX_LANGUAGE_STANDARD = "gnu++14";
				CLANG_CXX_LIBRARY = "libc++";
				CLANG_ENABLE_MODULES = YES;
				CLANG_ENABLE_OBJC_ARC = YES;
				CLANG_ENABLE_OBJC_WEAK = YES;
				CLANG_WARN_BLOCK_CAPTURE_AUTORELEASING = YES;
				CLANG_WARN_BOOL_CONVERSION = YES;
				CLANG_WARN_COMMA = YES;
				CLANG_WARN_CONSTANT_CONVERSION = YES;
				CLANG_WARN_DEPRECATED_OBJC_IMPLEMENTATIONS = YES;
				CLANG_WARN_DIRECT_OBJC_ISA_USAGE = YES_ERROR;
				CLANG_WARN_DOCUMENTATION_COMMENTS = YES;
				CLANG_WARN_EMPTY_BODY = YES;
				CLANG_WARN_ENUM_CONVERSION = YES;
				CLANG_WARN_INFINITE_RECURSION = YES;
				CLANG_WARN_INT_CONVERSION = YES;
				CLANG_WARN_NON_LITERAL_NULL_CONVERSION = YES;
				CLANG_WARN_OBJC_IMPLICIT_RETAIN_SELF = YES;
				CLANG_WARN_OBJC_LITERAL_CONVERSION = YES;
				CLANG_WARN_OBJC_ROOT_CLASS = YES_ERROR;
				CLANG_WARN_RANGE_LOOP_ANALYSIS = YES;
				CLANG_WARN_STRICT_PROTOTYPES = YES;
				CLANG_WARN_SUSPICIOUS_MOVE = YES;
				CLANG_WARN_UNGUARDED_AVAILABILITY = YES_AGGRESSIVE;
				CLANG_WARN_UNREACHABLE_CODE = YES;
				CLANG_WARN__DUPLICATE_METHOD_MATCH = YES;
				COPY_PHASE_STRIP = NO;
				DEBUG_INFORMATION_FORMAT = dwarf;
				ENABLE_STRICT_OBJC_MSGSEND = YES;
				ENABLE_TESTABILITY = YES;
				GCC_C_LANGUAGE_STANDARD = gnu11;
				GCC_DYNAMIC_NO_PIC = NO;
				GCC_NO_COMMON_BLOCKS = YES;
				GCC_OPTIMIZATION_LEVEL = 0;
				GCC_PREPROCESSOR_DEFINITIONS = (
					"DEBUG=1",
					"$(inherited)",
				);
				GCC_WARN_64_TO_32_BIT_CONVERSION = YES;
				GCC_WARN_ABOUT_RETURN_TYPE = YES_ERROR;
				GCC_WARN_UNDECLARED_SELECTOR = YES;
				GCC_WARN_UNINITIALIZED_AUTOS = YES_AGGRESSIVE;
				GCC_WARN_UNUSED_FUNCTION = YES;
				GCC_WARN_UNUSED_VARIABLE = YES;
				IPHONEOS_DEPLOYMENT_TARGET = 13.2;
				MTL_ENABLE_DEBUG_INFO = INCLUDE_SOURCE;
				MTL_FAST_MATH = YES;
				ONLY_ACTIVE_ARCH = YES;
				SDKROOT = iphoneos;
				SWIFT_ACTIVE_COMPILATION_CONDITIONS = DEBUG;
				SWIFT_OPTIMIZATION_LEVEL = "-Onone";
			};
			name = Debug;
		};
		84E7B6FD242D2DF500B542E7 /* Release */ = {
			isa = XCBuildConfiguration;
			buildSettings = {
				ALWAYS_SEARCH_USER_PATHS = NO;
				CLANG_ANALYZER_NONNULL = YES;
				CLANG_ANALYZER_NUMBER_OBJECT_CONVERSION = YES_AGGRESSIVE;
				CLANG_CXX_LANGUAGE_STANDARD = "gnu++14";
				CLANG_CXX_LIBRARY = "libc++";
				CLANG_ENABLE_MODULES = YES;
				CLANG_ENABLE_OBJC_ARC = YES;
				CLANG_ENABLE_OBJC_WEAK = YES;
				CLANG_WARN_BLOCK_CAPTURE_AUTORELEASING = YES;
				CLANG_WARN_BOOL_CONVERSION = YES;
				CLANG_WARN_COMMA = YES;
				CLANG_WARN_CONSTANT_CONVERSION = YES;
				CLANG_WARN_DEPRECATED_OBJC_IMPLEMENTATIONS = YES;
				CLANG_WARN_DIRECT_OBJC_ISA_USAGE = YES_ERROR;
				CLANG_WARN_DOCUMENTATION_COMMENTS = YES;
				CLANG_WARN_EMPTY_BODY = YES;
				CLANG_WARN_ENUM_CONVERSION = YES;
				CLANG_WARN_INFINITE_RECURSION = YES;
				CLANG_WARN_INT_CONVERSION = YES;
				CLANG_WARN_NON_LITERAL_NULL_CONVERSION = YES;
				CLANG_WARN_OBJC_IMPLICIT_RETAIN_SELF = YES;
				CLANG_WARN_OBJC_LITERAL_CONVERSION = YES;
				CLANG_WARN_OBJC_ROOT_CLASS = YES_ERROR;
				CLANG_WARN_RANGE_LOOP_ANALYSIS = YES;
				CLANG_WARN_STRICT_PROTOTYPES = YES;
				CLANG_WARN_SUSPICIOUS_MOVE = YES;
				CLANG_WARN_UNGUARDED_AVAILABILITY = YES_AGGRESSIVE;
				CLANG_WARN_UNREACHABLE_CODE = YES;
				CLANG_WARN__DUPLICATE_METHOD_MATCH = YES;
				COPY_PHASE_STRIP = NO;
				DEBUG_INFORMATION_FORMAT = "dwarf-with-dsym";
				ENABLE_NS_ASSERTIONS = NO;
				ENABLE_STRICT_OBJC_MSGSEND = YES;
				GCC_C_LANGUAGE_STANDARD = gnu11;
				GCC_NO_COMMON_BLOCKS = YES;
				GCC_WARN_64_TO_32_BIT_CONVERSION = YES;
				GCC_WARN_ABOUT_RETURN_TYPE = YES_ERROR;
				GCC_WARN_UNDECLARED_SELECTOR = YES;
				GCC_WARN_UNINITIALIZED_AUTOS = YES_AGGRESSIVE;
				GCC_WARN_UNUSED_FUNCTION = YES;
				GCC_WARN_UNUSED_VARIABLE = YES;
				IPHONEOS_DEPLOYMENT_TARGET = 13.2;
				MTL_ENABLE_DEBUG_INFO = NO;
				MTL_FAST_MATH = YES;
				SDKROOT = iphoneos;
				SWIFT_COMPILATION_MODE = wholemodule;
				SWIFT_OPTIMIZATION_LEVEL = "-O";
				VALIDATE_PRODUCT = YES;
			};
			name = Release;
		};
		84E7B6FF242D2DF500B542E7 /* Debug */ = {
			isa = XCBuildConfiguration;
			baseConfigurationReference = 6B22581943F5FE814DEF6ED9 /* Pods-Event App.debug.xcconfig */;
			buildSettings = {
				ASSETCATALOG_COMPILER_APPICON_NAME = AppIcon;
				CODE_SIGN_STYLE = Automatic;
				INFOPLIST_FILE = "Event App/Info.plist";
				LD_RUNPATH_SEARCH_PATHS = (
					"$(inherited)",
					"@executable_path/Frameworks",
				);
				PRODUCT_BUNDLE_IDENTIFIER = "edu.eventapp.Event-App";
				PRODUCT_NAME = "$(TARGET_NAME)";
				SWIFT_VERSION = 5.0;
				TARGETED_DEVICE_FAMILY = "1,2";
			};
			name = Debug;
		};
		84E7B700242D2DF500B542E7 /* Release */ = {
			isa = XCBuildConfiguration;
			baseConfigurationReference = 9C04EEC7C93B309A2C3D4EDC /* Pods-Event App.release.xcconfig */;
			buildSettings = {
				ASSETCATALOG_COMPILER_APPICON_NAME = AppIcon;
				CODE_SIGN_STYLE = Automatic;
				INFOPLIST_FILE = "Event App/Info.plist";
				LD_RUNPATH_SEARCH_PATHS = (
					"$(inherited)",
					"@executable_path/Frameworks",
				);
				PRODUCT_BUNDLE_IDENTIFIER = "edu.eventapp.Event-App";
				PRODUCT_NAME = "$(TARGET_NAME)";
				SWIFT_VERSION = 5.0;
				TARGETED_DEVICE_FAMILY = "1,2";
			};
			name = Release;
		};
		84E7B702242D2DF500B542E7 /* Debug */ = {
			isa = XCBuildConfiguration;
			baseConfigurationReference = F7D72C4B02FD51B9E040B314 /* Pods-Event AppTests.debug.xcconfig */;
			buildSettings = {
				ALWAYS_EMBED_SWIFT_STANDARD_LIBRARIES = YES;
				BUNDLE_LOADER = "$(TEST_HOST)";
				CODE_SIGN_STYLE = Automatic;
				INFOPLIST_FILE = "Event AppTests/Info.plist";
				IPHONEOS_DEPLOYMENT_TARGET = 13.2;
				LD_RUNPATH_SEARCH_PATHS = (
					"$(inherited)",
					"@executable_path/Frameworks",
					"@loader_path/Frameworks",
				);
				PRODUCT_BUNDLE_IDENTIFIER = "edu.eventapp.Event-AppTests";
				PRODUCT_NAME = "$(TARGET_NAME)";
				SWIFT_VERSION = 5.0;
				TARGETED_DEVICE_FAMILY = "1,2";
				TEST_HOST = "$(BUILT_PRODUCTS_DIR)/Event App.app/Event App";
			};
			name = Debug;
		};
		84E7B703242D2DF500B542E7 /* Release */ = {
			isa = XCBuildConfiguration;
			baseConfigurationReference = 14E6CF37A4FE38352AE43973 /* Pods-Event AppTests.release.xcconfig */;
			buildSettings = {
				ALWAYS_EMBED_SWIFT_STANDARD_LIBRARIES = YES;
				BUNDLE_LOADER = "$(TEST_HOST)";
				CODE_SIGN_STYLE = Automatic;
				INFOPLIST_FILE = "Event AppTests/Info.plist";
				IPHONEOS_DEPLOYMENT_TARGET = 13.2;
				LD_RUNPATH_SEARCH_PATHS = (
					"$(inherited)",
					"@executable_path/Frameworks",
					"@loader_path/Frameworks",
				);
				PRODUCT_BUNDLE_IDENTIFIER = "edu.eventapp.Event-AppTests";
				PRODUCT_NAME = "$(TARGET_NAME)";
				SWIFT_VERSION = 5.0;
				TARGETED_DEVICE_FAMILY = "1,2";
				TEST_HOST = "$(BUILT_PRODUCTS_DIR)/Event App.app/Event App";
			};
			name = Release;
		};
		84E7B705242D2DF500B542E7 /* Debug */ = {
			isa = XCBuildConfiguration;
			baseConfigurationReference = 58D08DC44CD72B5FDE037575 /* Pods-Event App-Event AppUITests.debug.xcconfig */;
			buildSettings = {
				ALWAYS_EMBED_SWIFT_STANDARD_LIBRARIES = YES;
				CODE_SIGN_STYLE = Automatic;
				INFOPLIST_FILE = "Event AppUITests/Info.plist";
				LD_RUNPATH_SEARCH_PATHS = (
					"$(inherited)",
					"@executable_path/Frameworks",
					"@loader_path/Frameworks",
				);
				PRODUCT_BUNDLE_IDENTIFIER = "edu.eventapp.Event-AppUITests";
				PRODUCT_NAME = "$(TARGET_NAME)";
				SWIFT_VERSION = 5.0;
				TARGETED_DEVICE_FAMILY = "1,2";
				TEST_TARGET_NAME = "Event App";
			};
			name = Debug;
		};
		84E7B706242D2DF500B542E7 /* Release */ = {
			isa = XCBuildConfiguration;
			baseConfigurationReference = CE6702134F5D4699DC380295 /* Pods-Event App-Event AppUITests.release.xcconfig */;
			buildSettings = {
				ALWAYS_EMBED_SWIFT_STANDARD_LIBRARIES = YES;
				CODE_SIGN_STYLE = Automatic;
				INFOPLIST_FILE = "Event AppUITests/Info.plist";
				LD_RUNPATH_SEARCH_PATHS = (
					"$(inherited)",
					"@executable_path/Frameworks",
					"@loader_path/Frameworks",
				);
				PRODUCT_BUNDLE_IDENTIFIER = "edu.eventapp.Event-AppUITests";
				PRODUCT_NAME = "$(TARGET_NAME)";
				SWIFT_VERSION = 5.0;
				TARGETED_DEVICE_FAMILY = "1,2";
				TEST_TARGET_NAME = "Event App";
			};
			name = Release;
		};
/* End XCBuildConfiguration section */

/* Begin XCConfigurationList section */
		84E7B6CD242D2DF000B542E7 /* Build configuration list for PBXProject "Event App" */ = {
			isa = XCConfigurationList;
			buildConfigurations = (
				84E7B6FC242D2DF500B542E7 /* Debug */,
				84E7B6FD242D2DF500B542E7 /* Release */,
			);
			defaultConfigurationIsVisible = 0;
			defaultConfigurationName = Release;
		};
		84E7B6FE242D2DF500B542E7 /* Build configuration list for PBXNativeTarget "Event App" */ = {
			isa = XCConfigurationList;
			buildConfigurations = (
				84E7B6FF242D2DF500B542E7 /* Debug */,
				84E7B700242D2DF500B542E7 /* Release */,
			);
			defaultConfigurationIsVisible = 0;
			defaultConfigurationName = Release;
		};
		84E7B701242D2DF500B542E7 /* Build configuration list for PBXNativeTarget "Event AppTests" */ = {
			isa = XCConfigurationList;
			buildConfigurations = (
				84E7B702242D2DF500B542E7 /* Debug */,
				84E7B703242D2DF500B542E7 /* Release */,
			);
			defaultConfigurationIsVisible = 0;
			defaultConfigurationName = Release;
		};
		84E7B704242D2DF500B542E7 /* Build configuration list for PBXNativeTarget "Event AppUITests" */ = {
			isa = XCConfigurationList;
			buildConfigurations = (
				84E7B705242D2DF500B542E7 /* Debug */,
				84E7B706242D2DF500B542E7 /* Release */,
			);
			defaultConfigurationIsVisible = 0;
			defaultConfigurationName = Release;
		};
/* End XCConfigurationList section */
	};
	rootObject = 84E7B6CA242D2DF000B542E7 /* Project object */;
}
