PODS:
  - Cosmos (21.0.0)
  - DeepDiff (2.3.1)
  - ExpandableLabel (0.5.2)
  - Reusable (4.1.1):
    - Reusable/Storyboard (= 4.1.1)
    - Reusable/View (= 4.1.1)
  - Reusable/Storyboard (4.1.1)
  - Reusable/View (4.1.1)
  - SwiftLint (0.39.1)
  - XLPagerTabStrip (9.0.0)

DEPENDENCIES:
  - Cosmos (~> 21.0)
  - DeepDiff
  - ExpandableLabel
  - Reusable
  - SwiftLint
  - XLPagerTabStrip (~> 9.0)

SPEC REPOS:
  trunk:
    - Cosmos
    - DeepDiff
    - ExpandableLabel
    - Reusable
    - SwiftLint
    - XLPagerTabStrip

SPEC CHECKSUMS:
  Cosmos: 3dfb6e4ba48bd48b8c9aa2a77048ae11ed114f96
  DeepDiff: e5ae6c50d0321568e4508cec5930b9f10bb293fc
  ExpandableLabel: c2fab6d27860c572d67134b30522a5917746171d
  Reusable: 53a9acf5c536f229b31b5865782414b508252ddb
  SwiftLint: 55e96a4a4d537d4a3156859fc1c54bd24851a046
  XLPagerTabStrip: 61c57fd61f611ee5f01ff1495ad6fbee8bf496c5

PODFILE CHECKSUM: 66bd232ff9b6ffbd1d22424bfa235f4c1dea6095

COCOAPODS: 1.9.1
